
Microsoft Visual Studio Solution File, Format Version 12.00
# Visual Studio Version 16
VisualStudioVersion = 16.0.31005.135
MinimumVisualStudioVersion = 10.0.40219.1
Project("{9A19103F-16F7-4668-BE54-9A1E7A4F7556}") = "TPUM_2021.ServerTest", "TPUM_2021.Test\TPUM_2021.ServerTest.csproj", "{29A75B38-0E5D-4DBE-B498-87DD1F9C030B}"
EndProject
Project("{9A19103F-16F7-4668-BE54-9A1E7A4F7556}") = "TPUM_2021.ServerData", "TPUM_2021.Data\TPUM_2021.ServerData.csproj", "{3D543276-202B-4C98-BE90-0AA9FA07F001}"
EndProject
Project("{9A19103F-16F7-4668-BE54-9A1E7A4F7556}") = "TPUM_2021.ServerLogic", "TPUM_2021.Logic\TPUM_2021.ServerLogic.csproj", "{D5B2F83C-4ED3-43C8-9A56-A532711AC748}"
EndProject
Project("{9A19103F-16F7-4668-BE54-9A1E7A4F7556}") = "TPUM_2021.ClientView", "TPUM_2021.View\TPUM_2021.ClientView.csproj", "{1BEB2F2B-ABF1-4ABE-AA96-101D708887F1}"
EndProject
Project("{9A19103F-16F7-4668-BE54-9A1E7A4F7556}") = "TPUM_2021.ClientGraphicalData", "TPUM_2021.GraphicalData\TPUM_2021.ClientGraphicalData.csproj", "{0C07B2B3-9319-4DAE-A6F7-E4E676ACE0F6}"
EndProject
Project("{2150E333-8FDC-42A3-9474-1A3956D46DE8}") = "Common", "Common", "{827E2D86-0DFD-4978-97D8-A56DF752B31A}"
EndProject
Project("{2150E333-8FDC-42A3-9474-1A3956D46DE8}") = "Server", "Server", "{D87C00D7-3E10-4DEF-B1F8-80CDD6CDCD33}"
EndProject
Project("{2150E333-8FDC-42A3-9474-1A3956D46DE8}") = "Client", "Client", "{3A4F1BE1-7437-4139-A3B3-E16BA990FA43}"
EndProject
Project("{9A19103F-16F7-4668-BE54-9A1E7A4F7556}") = "TPUM_2021.CommonWebSocketApi", "CommonWebSocketApi\TPUM_2021.CommonWebSocketApi.csproj", "{5468D77F-BEC7-45B4-87E8-3A81FC75D6E6}"
EndProject
Project("{9A19103F-16F7-4668-BE54-9A1E7A4F7556}") = "TPUM_2021.CommonData", "CommonData\TPUM_2021.CommonData.csproj", "{A368C9B0-0589-46EF-90D3-A41880F88374}"
EndProject
Project("{9A19103F-16F7-4668-BE54-9A1E7A4F7556}") = "TPUM_2021.CommonLogic", "CommonLogic\TPUM_2021.CommonLogic.csproj", "{92ED2559-D0CC-43A7-AFE0-E999CF656B00}"
EndProject
Project("{9A19103F-16F7-4668-BE54-9A1E7A4F7556}") = "TPUM_2021.ServerPresentation", "TPUM_2021.ServerPresentation\TPUM_2021.ServerPresentation.csproj", "{5F2F3AB3-62ED-4958-8445-C850FC086EC5}"
EndProject
Project("{9A19103F-16F7-4668-BE54-9A1E7A4F7556}") = "TPUM_2021.ClientLogic", "TPUM_2021.ClientLogic\TPUM_2021.ClientLogic.csproj", "{94BF281B-40CF-43DC-B899-50A1A881B963}"
EndProject
Project("{9A19103F-16F7-4668-BE54-9A1E7A4F7556}") = "TPUM_2021.ClientData", "TPUM_2021.ClientData\TPUM_2021.ClientData.csproj", "{1E476E5C-AA28-4AF5-96C9-D8427E03DF6E}"
EndProject
Project("{2150E333-8FDC-42A3-9474-1A3956D46DE8}") = "ClientPresentation", "ClientPresentation", "{AE131949-7DBE-4CEF-B879-911A715E63F3}"
EndProject
Project("{9A19103F-16F7-4668-BE54-9A1E7A4F7556}") = "TPUM_2021.ClientTest", "TPUM2021.ClientTest\TPUM_2021.ClientTest.csproj", "{E83E1976-91AE-4786-8A6F-548CAF11E76F}"
EndProject
Project("{FAE04EC0-301F-11D3-BF4B-00C04F79EFBC}") = "TPUM_2021.IntegrationTest", "TPUM_2021.IntegrationTests\TPUM_2021.IntegrationTest.csproj", "{B76A8293-C673-45EF-A2FC-5982142E42BE}"
EndProject
Global
	GlobalSection(SolutionConfigurationPlatforms) = preSolution
		Debug|Any CPU = Debug|Any CPU
		Release|Any CPU = Release|Any CPU
	EndGlobalSection
	GlobalSection(ProjectConfigurationPlatforms) = postSolution
		{29A75B38-0E5D-4DBE-B498-87DD1F9C030B}.Debug|Any CPU.ActiveCfg = Debug|Any CPU
		{29A75B38-0E5D-4DBE-B498-87DD1F9C030B}.Debug|Any CPU.Build.0 = Debug|Any CPU
		{29A75B38-0E5D-4DBE-B498-87DD1F9C030B}.Release|Any CPU.ActiveCfg = Release|Any CPU
		{29A75B38-0E5D-4DBE-B498-87DD1F9C030B}.Release|Any CPU.Build.0 = Release|Any CPU
		{3D543276-202B-4C98-BE90-0AA9FA07F001}.Debug|Any CPU.ActiveCfg = Debug|Any CPU
		{3D543276-202B-4C98-BE90-0AA9FA07F001}.Debug|Any CPU.Build.0 = Debug|Any CPU
		{3D543276-202B-4C98-BE90-0AA9FA07F001}.Release|Any CPU.ActiveCfg = Release|Any CPU
		{3D543276-202B-4C98-BE90-0AA9FA07F001}.Release|Any CPU.Build.0 = Release|Any CPU
		{D5B2F83C-4ED3-43C8-9A56-A532711AC748}.Debug|Any CPU.ActiveCfg = Debug|Any CPU
		{D5B2F83C-4ED3-43C8-9A56-A532711AC748}.Debug|Any CPU.Build.0 = Debug|Any CPU
		{D5B2F83C-4ED3-43C8-9A56-A532711AC748}.Release|Any CPU.ActiveCfg = Release|Any CPU
		{D5B2F83C-4ED3-43C8-9A56-A532711AC748}.Release|Any CPU.Build.0 = Release|Any CPU
		{1BEB2F2B-ABF1-4ABE-AA96-101D708887F1}.Debug|Any CPU.ActiveCfg = Debug|Any CPU
		{1BEB2F2B-ABF1-4ABE-AA96-101D708887F1}.Debug|Any CPU.Build.0 = Debug|Any CPU
		{1BEB2F2B-ABF1-4ABE-AA96-101D708887F1}.Release|Any CPU.ActiveCfg = Release|Any CPU
		{1BEB2F2B-ABF1-4ABE-AA96-101D708887F1}.Release|Any CPU.Build.0 = Release|Any CPU
		{0C07B2B3-9319-4DAE-A6F7-E4E676ACE0F6}.Debug|Any CPU.ActiveCfg = Debug|Any CPU
		{0C07B2B3-9319-4DAE-A6F7-E4E676ACE0F6}.Debug|Any CPU.Build.0 = Debug|Any CPU
		{0C07B2B3-9319-4DAE-A6F7-E4E676ACE0F6}.Release|Any CPU.ActiveCfg = Release|Any CPU
		{0C07B2B3-9319-4DAE-A6F7-E4E676ACE0F6}.Release|Any CPU.Build.0 = Release|Any CPU
		{5468D77F-BEC7-45B4-87E8-3A81FC75D6E6}.Debug|Any CPU.ActiveCfg = Debug|Any CPU
		{5468D77F-BEC7-45B4-87E8-3A81FC75D6E6}.Debug|Any CPU.Build.0 = Debug|Any CPU
		{5468D77F-BEC7-45B4-87E8-3A81FC75D6E6}.Release|Any CPU.ActiveCfg = Release|Any CPU
		{5468D77F-BEC7-45B4-87E8-3A81FC75D6E6}.Release|Any CPU.Build.0 = Release|Any CPU
		{A368C9B0-0589-46EF-90D3-A41880F88374}.Debug|Any CPU.ActiveCfg = Debug|Any CPU
		{A368C9B0-0589-46EF-90D3-A41880F88374}.Debug|Any CPU.Build.0 = Debug|Any CPU
		{A368C9B0-0589-46EF-90D3-A41880F88374}.Release|Any CPU.ActiveCfg = Release|Any CPU
		{A368C9B0-0589-46EF-90D3-A41880F88374}.Release|Any CPU.Build.0 = Release|Any CPU
		{92ED2559-D0CC-43A7-AFE0-E999CF656B00}.Debug|Any CPU.ActiveCfg = Debug|Any CPU
		{92ED2559-D0CC-43A7-AFE0-E999CF656B00}.Debug|Any CPU.Build.0 = Debug|Any CPU
		{92ED2559-D0CC-43A7-AFE0-E999CF656B00}.Release|Any CPU.ActiveCfg = Release|Any CPU
		{92ED2559-D0CC-43A7-AFE0-E999CF656B00}.Release|Any CPU.Build.0 = Release|Any CPU
		{5F2F3AB3-62ED-4958-8445-C850FC086EC5}.Debug|Any CPU.ActiveCfg = Debug|Any CPU
		{5F2F3AB3-62ED-4958-8445-C850FC086EC5}.Debug|Any CPU.Build.0 = Debug|Any CPU
		{5F2F3AB3-62ED-4958-8445-C850FC086EC5}.Release|Any CPU.ActiveCfg = Release|Any CPU
		{5F2F3AB3-62ED-4958-8445-C850FC086EC5}.Release|Any CPU.Build.0 = Release|Any CPU
		{94BF281B-40CF-43DC-B899-50A1A881B963}.Debug|Any CPU.ActiveCfg = Debug|Any CPU
		{94BF281B-40CF-43DC-B899-50A1A881B963}.Debug|Any CPU.Build.0 = Debug|Any CPU
		{94BF281B-40CF-43DC-B899-50A1A881B963}.Release|Any CPU.ActiveCfg = Release|Any CPU
		{94BF281B-40CF-43DC-B899-50A1A881B963}.Release|Any CPU.Build.0 = Release|Any CPU
		{1E476E5C-AA28-4AF5-96C9-D8427E03DF6E}.Debug|Any CPU.ActiveCfg = Debug|Any CPU
		{1E476E5C-AA28-4AF5-96C9-D8427E03DF6E}.Debug|Any CPU.Build.0 = Debug|Any CPU
		{1E476E5C-AA28-4AF5-96C9-D8427E03DF6E}.Release|Any CPU.ActiveCfg = Release|Any CPU
		{1E476E5C-AA28-4AF5-96C9-D8427E03DF6E}.Release|Any CPU.Build.0 = Release|Any CPU
		{E83E1976-91AE-4786-8A6F-548CAF11E76F}.Debug|Any CPU.ActiveCfg = Debug|Any CPU
		{E83E1976-91AE-4786-8A6F-548CAF11E76F}.Debug|Any CPU.Build.0 = Debug|Any CPU
		{E83E1976-91AE-4786-8A6F-548CAF11E76F}.Release|Any CPU.ActiveCfg = Release|Any CPU
		{E83E1976-91AE-4786-8A6F-548CAF11E76F}.Release|Any CPU.Build.0 = Release|Any CPU
		{B76A8293-C673-45EF-A2FC-5982142E42BE}.Debug|Any CPU.ActiveCfg = Debug|Any CPU
		{B76A8293-C673-45EF-A2FC-5982142E42BE}.Debug|Any CPU.Build.0 = Debug|Any CPU
		{B76A8293-C673-45EF-A2FC-5982142E42BE}.Release|Any CPU.ActiveCfg = Release|Any CPU
		{B76A8293-C673-45EF-A2FC-5982142E42BE}.Release|Any CPU.Build.0 = Release|Any CPU
	EndGlobalSection
	GlobalSection(SolutionProperties) = preSolution
		HideSolutionNode = FALSE
	EndGlobalSection
	GlobalSection(NestedProjects) = preSolution
		{3D543276-202B-4C98-BE90-0AA9FA07F001} = {D87C00D7-3E10-4DEF-B1F8-80CDD6CDCD33}
		{D5B2F83C-4ED3-43C8-9A56-A532711AC748} = {D87C00D7-3E10-4DEF-B1F8-80CDD6CDCD33}
		{1BEB2F2B-ABF1-4ABE-AA96-101D708887F1} = {AE131949-7DBE-4CEF-B879-911A715E63F3}
		{0C07B2B3-9319-4DAE-A6F7-E4E676ACE0F6} = {AE131949-7DBE-4CEF-B879-911A715E63F3}
		{5468D77F-BEC7-45B4-87E8-3A81FC75D6E6} = {827E2D86-0DFD-4978-97D8-A56DF752B31A}
		{A368C9B0-0589-46EF-90D3-A41880F88374} = {827E2D86-0DFD-4978-97D8-A56DF752B31A}
		{92ED2559-D0CC-43A7-AFE0-E999CF656B00} = {827E2D86-0DFD-4978-97D8-A56DF752B31A}
		{5F2F3AB3-62ED-4958-8445-C850FC086EC5} = {D87C00D7-3E10-4DEF-B1F8-80CDD6CDCD33}
		{94BF281B-40CF-43DC-B899-50A1A881B963} = {3A4F1BE1-7437-4139-A3B3-E16BA990FA43}
		{1E476E5C-AA28-4AF5-96C9-D8427E03DF6E} = {3A4F1BE1-7437-4139-A3B3-E16BA990FA43}
		{AE131949-7DBE-4CEF-B879-911A715E63F3} = {3A4F1BE1-7437-4139-A3B3-E16BA990FA43}
	EndGlobalSection
	GlobalSection(ExtensibilityGlobals) = postSolution
		SolutionGuid = {1C00A358-6604-4E12-80E6-ADD45F806CEB}
	EndGlobalSection
EndGlobal
